
Microsoft Visual Studio Solution File, Format Version 12.00
# Visual Studio Version 17
VisualStudioVersion = 17.11.35312.102
MinimumVisualStudioVersion = 10.0.40219.1
Project("{FAE04EC0-301F-11D3-BF4B-00C04F79EFBC}") = "WebScraper", "WebScraper\WebScraper.csproj", "{6BBC872C-22BE-464B-B0D2-25564C63ED23}"
EndProject
Global
	GlobalSection(SolutionConfigurationPlatforms) = preSolution
		Debug|Any CPU = Debug|Any CPU
		Release|Any CPU = Release|Any CPU
	EndGlobalSection
	GlobalSection(ProjectConfigurationPlatforms) = postSolution
		{6BBC872C-22BE-464B-B0D2-25564C63ED23}.Debug|Any CPU.ActiveCfg = Debug|Any CPU
		{6BBC872C-22BE-464B-B0D2-25564C63ED23}.Debug|Any CPU.Build.0 = Debug|Any CPU
		{6BBC872C-22BE-464B-B0D2-25564C63ED23}.Release|Any CPU.ActiveCfg = Release|Any CPU
		{6BBC872C-22BE-464B-B0D2-25564C63ED23}.Release|Any CPU.Build.0 = Release|Any CPU
	EndGlobalSection
	GlobalSection(SolutionProperties) = preSolution
		HideSolutionNode = FALSE
	EndGlobalSection
	GlobalSection(ExtensibilityGlobals) = postSolution
		SolutionGuid = {ACA58E65-A20A-4FF4-9F34-9D98878167F3}
	EndGlobalSection
EndGlobal
